// !$*UTF8*$!
{
	archiveVersion = 1;
	classes = {
	};
	objectVersion = 46;
	objects = {

/* Begin PBXBuildFile section */
		9BAD12F8192989B300207FF2 /* Cocoa.framework in Frameworks */ = {isa = PBXBuildFile; fileRef = 9BAD12F7192989B300207FF2 /* Cocoa.framework */; };
		9BAD1302192989B300207FF2 /* InfoPlist.strings in Resources */ = {isa = PBXBuildFile; fileRef = 9BAD1300192989B300207FF2 /* InfoPlist.strings */; };
		9BAD1304192989B300207FF2 /* main.m in Sources */ = {isa = PBXBuildFile; fileRef = 9BAD1303192989B300207FF2 /* main.m */; };
		9BAD1308192989B300207FF2 /* Credits.rtf in Resources */ = {isa = PBXBuildFile; fileRef = 9BAD1306192989B300207FF2 /* Credits.rtf */; };
		9BAD130B192989B300207FF2 /* SAAppDelegate.m in Sources */ = {isa = PBXBuildFile; fileRef = 9BAD130A192989B300207FF2 /* SAAppDelegate.m */; };
		9BAD130E192989B300207FF2 /* MainMenu.xib in Resources */ = {isa = PBXBuildFile; fileRef = 9BAD130C192989B300207FF2 /* MainMenu.xib */; };
		9BAD1310192989B300207FF2 /* Images.xcassets in Resources */ = {isa = PBXBuildFile; fileRef = 9BAD130F192989B300207FF2 /* Images.xcassets */; };
		9BAD1317192989B300207FF2 /* XCTest.framework in Frameworks */ = {isa = PBXBuildFile; fileRef = 9BAD1316192989B300207FF2 /* XCTest.framework */; };
		9BAD1318192989B300207FF2 /* Cocoa.framework in Frameworks */ = {isa = PBXBuildFile; fileRef = 9BAD12F7192989B300207FF2 /* Cocoa.framework */; };
		9BAD1320192989B400207FF2 /* InfoPlist.strings in Resources */ = {isa = PBXBuildFile; fileRef = 9BAD131E192989B400207FF2 /* InfoPlist.strings */; };
		9BAD1322192989B400207FF2 /* SillyAnimatorTests.m in Sources */ = {isa = PBXBuildFile; fileRef = 9BAD1321192989B400207FF2 /* SillyAnimatorTests.m */; };
/* End PBXBuildFile section */

/* Begin PBXContainerItemProxy section */
		9BAD1319192989B400207FF2 /* PBXContainerItemProxy */ = {
			isa = PBXContainerItemProxy;
			containerPortal = 9BAD12EC192989B300207FF2 /* Project object */;
			proxyType = 1;
			remoteGlobalIDString = 9BAD12F3192989B300207FF2;
			remoteInfo = SillyAnimator;
		};
/* End PBXContainerItemProxy section */

/* Begin PBXFileReference section */
		9BAD12F4192989B300207FF2 /* SillyAnimator.app */ = {isa = PBXFileReference; explicitFileType = wrapper.application; includeInIndex = 0; path = SillyAnimator.app; sourceTree = BUILT_PRODUCTS_DIR; };
		9BAD12F7192989B300207FF2 /* Cocoa.framework */ = {isa = PBXFileReference; lastKnownFileType = wrapper.framework; name = Cocoa.framework; path = System/Library/Frameworks/Cocoa.framework; sourceTree = SDKROOT; };
		9BAD12FA192989B300207FF2 /* AppKit.framework */ = {isa = PBXFileReference; lastKnownFileType = wrapper.framework; name = AppKit.framework; path = System/Library/Frameworks/AppKit.framework; sourceTree = SDKROOT; };
		9BAD12FB192989B300207FF2 /* CoreData.framework */ = {isa = PBXFileReference; lastKnownFileType = wrapper.framework; name = CoreData.framework; path = System/Library/Frameworks/CoreData.framework; sourceTree = SDKROOT; };
		9BAD12FC192989B300207FF2 /* Foundation.framework */ = {isa = PBXFileReference; lastKnownFileType = wrapper.framework; name = Foundation.framework; path = System/Library/Frameworks/Foundation.framework; sourceTree = SDKROOT; };
		9BAD12FF192989B300207FF2 /* SillyAnimator-Info.plist */ = {isa = PBXFileReference; lastKnownFileType = text.plist.xml; path = "SillyAnimator-Info.plist"; sourceTree = "<group>"; };
		9BAD1301192989B300207FF2 /* en */ = {isa = PBXFileReference; lastKnownFileType = text.plist.strings; name = en; path = en.lproj/InfoPlist.strings; sourceTree = "<group>"; };
		9BAD1303192989B300207FF2 /* main.m */ = {isa = PBXFileReference; lastKnownFileType = sourcecode.c.objc; path = main.m; sourceTree = "<group>"; };
		9BAD1305192989B300207FF2 /* SillyAnimator-Prefix.pch */ = {isa = PBXFileReference; lastKnownFileType = sourcecode.c.h; path = "SillyAnimator-Prefix.pch"; sourceTree = "<group>"; };
		9BAD1307192989B300207FF2 /* en */ = {isa = PBXFileReference; lastKnownFileType = text.rtf; name = en; path = en.lproj/Credits.rtf; sourceTree = "<group>"; };
		9BAD1309192989B300207FF2 /* SAAppDelegate.h */ = {isa = PBXFileReference; lastKnownFileType = sourcecode.c.h; path = SAAppDelegate.h; sourceTree = "<group>"; };
		9BAD130A192989B300207FF2 /* SAAppDelegate.m */ = {isa = PBXFileReference; lastKnownFileType = sourcecode.c.objc; path = SAAppDelegate.m; sourceTree = "<group>"; };
		9BAD130D192989B300207FF2 /* Base */ = {isa = PBXFileReference; lastKnownFileType = file.xib; name = Base; path = Base.lproj/MainMenu.xib; sourceTree = "<group>"; };
		9BAD130F192989B300207FF2 /* Images.xcassets */ = {isa = PBXFileReference; lastKnownFileType = folder.assetcatalog; path = Images.xcassets; sourceTree = "<group>"; };
		9BAD1315192989B300207FF2 /* SillyAnimatorTests.xctest */ = {isa = PBXFileReference; explicitFileType = wrapper.cfbundle; includeInIndex = 0; path = SillyAnimatorTests.xctest; sourceTree = BUILT_PRODUCTS_DIR; };
		9BAD1316192989B300207FF2 /* XCTest.framework */ = {isa = PBXFileReference; lastKnownFileType = wrapper.framework; name = XCTest.framework; path = Library/Frameworks/XCTest.framework; sourceTree = DEVELOPER_DIR; };
		9BAD131D192989B400207FF2 /* SillyAnimatorTests-Info.plist */ = {isa = PBXFileReference; lastKnownFileType = text.plist.xml; path = "SillyAnimatorTests-Info.plist"; sourceTree = "<group>"; };
		9BAD131F192989B400207FF2 /* en */ = {isa = PBXFileReference; lastKnownFileType = text.plist.strings; name = en; path = en.lproj/InfoPlist.strings; sourceTree = "<group>"; };
		9BAD1321192989B400207FF2 /* SillyAnimatorTests.m */ = {isa = PBXFileReference; lastKnownFileType = sourcecode.c.objc; path = SillyAnimatorTests.m; sourceTree = "<group>"; };
/* End PBXFileReference section */

/* Begin PBXFrameworksBuildPhase section */
		9BAD12F1192989B300207FF2 /* Frameworks */ = {
			isa = PBXFrameworksBuildPhase;
			buildActionMask = 2147483647;
			files = (
				9BAD12F8192989B300207FF2 /* Cocoa.framework in Frameworks */,
			);
			runOnlyForDeploymentPostprocessing = 0;
		};
		9BAD1312192989B300207FF2 /* Frameworks */ = {
			isa = PBXFrameworksBuildPhase;
			buildActionMask = 2147483647;
			files = (
				9BAD1318192989B300207FF2 /* Cocoa.framework in Frameworks */,
				9BAD1317192989B300207FF2 /* XCTest.framework in Frameworks */,
			);
			runOnlyForDeploymentPostprocessing = 0;
		};
/* End PBXFrameworksBuildPhase section */

/* Begin PBXGroup section */
		9BAD12EB192989B300207FF2 = {
			isa = PBXGroup;
			children = (
				9BAD12FD192989B300207FF2 /* SillyAnimator */,
				9BAD131B192989B400207FF2 /* SillyAnimatorTests */,
				9BAD12F6192989B300207FF2 /* Frameworks */,
				9BAD12F5192989B300207FF2 /* Products */,
			);
			sourceTree = "<group>";
		};
		9BAD12F5192989B300207FF2 /* Products */ = {
			isa = PBXGroup;
			children = (
				9BAD12F4192989B300207FF2 /* SillyAnimator.app */,
				9BAD1315192989B300207FF2 /* SillyAnimatorTests.xctest */,
			);
			name = Products;
			sourceTree = "<group>";
		};
		9BAD12F6192989B300207FF2 /* Frameworks */ = {
			isa = PBXGroup;
			children = (
				9BAD12F7192989B300207FF2 /* Cocoa.framework */,
				9BAD1316192989B300207FF2 /* XCTest.framework */,
				9BAD12F9192989B300207FF2 /* Other Frameworks */,
			);
			name = Frameworks;
			sourceTree = "<group>";
		};
		9BAD12F9192989B300207FF2 /* Other Frameworks */ = {
			isa = PBXGroup;
			children = (
				9BAD12FA192989B300207FF2 /* AppKit.framework */,
				9BAD12FB192989B300207FF2 /* CoreData.framework */,
				9BAD12FC192989B300207FF2 /* Foundation.framework */,
			);
			name = "Other Frameworks";
			sourceTree = "<group>";
		};
		9BAD12FD192989B300207FF2 /* SillyAnimator */ = {
			isa = PBXGroup;
			children = (
				9BAD1309192989B300207FF2 /* SAAppDelegate.h */,
				9BAD130A192989B300207FF2 /* SAAppDelegate.m */,
				9BAD130C192989B300207FF2 /* MainMenu.xib */,
				9BAD130F192989B300207FF2 /* Images.xcassets */,
				9BAD12FE192989B300207FF2 /* Supporting Files */,
			);
			path = SillyAnimator;
			sourceTree = "<group>";
		};
		9BAD12FE192989B300207FF2 /* Supporting Files */ = {
			isa = PBXGroup;
			children = (
				9BAD12FF192989B300207FF2 /* SillyAnimator-Info.plist */,
				9BAD1300192989B300207FF2 /* InfoPlist.strings */,
				9BAD1303192989B300207FF2 /* main.m */,
				9BAD1305192989B300207FF2 /* SillyAnimator-Prefix.pch */,
				9BAD1306192989B300207FF2 /* Credits.rtf */,
			);
			name = "Supporting Files";
			sourceTree = "<group>";
		};
		9BAD131B192989B400207FF2 /* SillyAnimatorTests */ = {
			isa = PBXGroup;
			children = (
				9BAD1321192989B400207FF2 /* SillyAnimatorTests.m */,
				9BAD131C192989B400207FF2 /* Supporting Files */,
			);
			path = SillyAnimatorTests;
			sourceTree = "<group>";
		};
		9BAD131C192989B400207FF2 /* Supporting Files */ = {
			isa = PBXGroup;
			children = (
				9BAD131D192989B400207FF2 /* SillyAnimatorTests-Info.plist */,
				9BAD131E192989B400207FF2 /* InfoPlist.strings */,
			);
			name = "Supporting Files";
			sourceTree = "<group>";
		};
/* End PBXGroup section */

/* Begin PBXNativeTarget section */
		9BAD12F3192989B300207FF2 /* SillyAnimator */ = {
			isa = PBXNativeTarget;
			buildConfigurationList = 9BAD1325192989B400207FF2 /* Build configuration list for PBXNativeTarget "SillyAnimator" */;
			buildPhases = (
				9BAD12F0192989B300207FF2 /* Sources */,
				9BAD12F1192989B300207FF2 /* Frameworks */,
				9BAD12F2192989B300207FF2 /* Resources */,
			);
			buildRules = (
			);
			dependencies = (
			);
			name = SillyAnimator;
			productName = SillyAnimator;
			productReference = 9BAD12F4192989B300207FF2 /* SillyAnimator.app */;
			productType = "com.apple.product-type.application";
		};
		9BAD1314192989B300207FF2 /* SillyAnimatorTests */ = {
			isa = PBXNativeTarget;
			buildConfigurationList = 9BAD1328192989B400207FF2 /* Build configuration list for PBXNativeTarget "SillyAnimatorTests" */;
			buildPhases = (
				9BAD1311192989B300207FF2 /* Sources */,
				9BAD1312192989B300207FF2 /* Frameworks */,
				9BAD1313192989B300207FF2 /* Resources */,
			);
			buildRules = (
			);
			dependencies = (
				9BAD131A192989B400207FF2 /* PBXTargetDependency */,
			);
			name = SillyAnimatorTests;
			productName = SillyAnimatorTests;
			productReference = 9BAD1315192989B300207FF2 /* SillyAnimatorTests.xctest */;
			productType = "com.apple.product-type.bundle.unit-test";
		};
/* End PBXNativeTarget section */

/* Begin PBXProject section */
		9BAD12EC192989B300207FF2 /* Project object */ = {
			isa = PBXProject;
			attributes = {
				CLASSPREFIX = SA;
				LastUpgradeCheck = 0510;
				ORGANIZATIONNAME = "Just a Door";
				TargetAttributes = {
					9BAD1314192989B300207FF2 = {
						TestTargetID = 9BAD12F3192989B300207FF2;
					};
				};
			};
			buildConfigurationList = 9BAD12EF192989B300207FF2 /* Build configuration list for PBXProject "SillyAnimator" */;
			compatibilityVersion = "Xcode 3.2";
			developmentRegion = English;
			hasScannedForEncodings = 0;
			knownRegions = (
				en,
				Base,
			);
			mainGroup = 9BAD12EB192989B300207FF2;
			productRefGroup = 9BAD12F5192989B300207FF2 /* Products */;
			projectDirPath = "";
			projectRoot = "";
			targets = (
				9BAD12F3192989B300207FF2 /* SillyAnimator */,
				9BAD1314192989B300207FF2 /* SillyAnimatorTests */,
			);
		};
/* End PBXProject section */

/* Begin PBXResourcesBuildPhase section */
		9BAD12F2192989B300207FF2 /* Resources */ = {
			isa = PBXResourcesBuildPhase;
			buildActionMask = 2147483647;
			files = (
				9BAD1302192989B300207FF2 /* InfoPlist.strings in Resources */,
				9BAD1310192989B300207FF2 /* Images.xcassets in Resources */,
				9BAD1308192989B300207FF2 /* Credits.rtf in Resources */,
				9BAD130E192989B300207FF2 /* MainMenu.xib in Resources */,
			);
			runOnlyForDeploymentPostprocessing = 0;
		};
		9BAD1313192989B300207FF2 /* Resources */ = {
			isa = PBXResourcesBuildPhase;
			buildActionMask = 2147483647;
			files = (
				9BAD1320192989B400207FF2 /* InfoPlist.strings in Resources */,
			);
			runOnlyForDeploymentPostprocessing = 0;
		};
/* End PBXResourcesBuildPhase section */

/* Begin PBXSourcesBuildPhase section */
		9BAD12F0192989B300207FF2 /* Sources */ = {
			isa = PBXSourcesBuildPhase;
			buildActionMask = 2147483647;
			files = (
				9BAD130B192989B300207FF2 /* SAAppDelegate.m in Sources */,
				9BAD1304192989B300207FF2 /* main.m in Sources */,
			);
			runOnlyForDeploymentPostprocessing = 0;
		};
		9BAD1311192989B300207FF2 /* Sources */ = {
			isa = PBXSourcesBuildPhase;
			buildActionMask = 2147483647;
			files = (
				9BAD1322192989B400207FF2 /* SillyAnimatorTests.m in Sources */,
			);
			runOnlyForDeploymentPostprocessing = 0;
		};
/* End PBXSourcesBuildPhase section */

/* Begin PBXTargetDependency section */
		9BAD131A192989B400207FF2 /* PBXTargetDependency */ = {
			isa = PBXTargetDependency;
			target = 9BAD12F3192989B300207FF2 /* SillyAnimator */;
			targetProxy = 9BAD1319192989B400207FF2 /* PBXContainerItemProxy */;
		};
/* End PBXTargetDependency section */

/* Begin PBXVariantGroup section */
		9BAD1300192989B300207FF2 /* InfoPlist.strings */ = {
			isa = PBXVariantGroup;
			children = (
				9BAD1301192989B300207FF2 /* en */,
			);
			name = InfoPlist.strings;
			sourceTree = "<group>";
		};
		9BAD1306192989B300207FF2 /* Credits.rtf */ = {
			isa = PBXVariantGroup;
			children = (
				9BAD1307192989B300207FF2 /* en */,
			);
			name = Credits.rtf;
			sourceTree = "<group>";
		};
		9BAD130C192989B300207FF2 /* MainMenu.xib */ = {
			isa = PBXVariantGroup;
			children = (
				9BAD130D192989B300207FF2 /* Base */,
			);
			name = MainMenu.xib;
			sourceTree = "<group>";
		};
		9BAD131E192989B400207FF2 /* InfoPlist.strings */ = {
			isa = PBXVariantGroup;
			children = (
				9BAD131F192989B400207FF2 /* en */,
			);
			name = InfoPlist.strings;
			sourceTree = "<group>";
		};
/* End PBXVariantGroup section */

/* Begin XCBuildConfiguration section */
		9BAD1323192989B400207FF2 /* Debug */ = {
			isa = XCBuildConfiguration;
			buildSettings = {
				ALWAYS_SEARCH_USER_PATHS = NO;
				CLANG_CXX_LANGUAGE_STANDARD = "gnu++0x";
				CLANG_CXX_LIBRARY = "libc++";
				CLANG_ENABLE_MODULES = YES;
				CLANG_ENABLE_OBJC_ARC = YES;
				CLANG_WARN_BOOL_CONVERSION = YES;
				CLANG_WARN_CONSTANT_CONVERSION = YES;
				CLANG_WARN_DIRECT_OBJC_ISA_USAGE = YES_ERROR;
				CLANG_WARN_EMPTY_BODY = YES;
				CLANG_WARN_ENUM_CONVERSION = YES;
				CLANG_WARN_INT_CONVERSION = YES;
				CLANG_WARN_OBJC_ROOT_CLASS = YES_ERROR;
				CLANG_WARN__DUPLICATE_METHOD_MATCH = YES;
				COPY_PHASE_STRIP = NO;
				GCC_C_LANGUAGE_STANDARD = gnu99;
				GCC_DYNAMIC_NO_PIC = NO;
				GCC_ENABLE_OBJC_EXCEPTIONS = YES;
				GCC_OPTIMIZATION_LEVEL = 0;
				GCC_PREPROCESSOR_DEFINITIONS = (
					"DEBUG=1",
					"$(inherited)",
				);
				GCC_SYMBOLS_PRIVATE_EXTERN = NO;
				GCC_WARN_64_TO_32_BIT_CONVERSION = YES;
				GCC_WARN_ABOUT_RETURN_TYPE = YES_ERROR;
				GCC_WARN_UNDECLARED_SELECTOR = YES;
				GCC_WARN_UNINITIALIZED_AUTOS = YES_AGGRESSIVE;
				GCC_WARN_UNUSED_FUNCTION = YES;
				GCC_WARN_UNUSED_VARIABLE = YES;
				MACOSX_DEPLOYMENT_TARGET = 10.9;
				ONLY_ACTIVE_ARCH = YES;
				SDKROOT = macosx;
			};
			name = Debug;
		};
		9BAD1324192989B400207FF2 /* Release */ = {
			isa = XCBuildConfiguration;
			buildSettings = {
				ALWAYS_SEARCH_USER_PATHS = NO;
				CLANG_CXX_LANGUAGE_STANDARD = "gnu++0x";
				CLANG_CXX_LIBRARY = "libc++";
				CLANG_ENABLE_MODULES = YES;
				CLANG_ENABLE_OBJC_ARC = YES;
				CLANG_WARN_BOOL_CONVERSION = YES;
				CLANG_WARN_CONSTANT_CONVERSION = YES;
				CLANG_WARN_DIRECT_OBJC_ISA_USAGE = YES_ERROR;
				CLANG_WARN_EMPTY_BODY = YES;
				CLANG_WARN_ENUM_CONVERSION = YES;
				CLANG_WARN_INT_CONVERSION = YES;
				CLANG_WARN_OBJC_ROOT_CLASS = YES_ERROR;
				CLANG_WARN__DUPLICATE_METHOD_MATCH = YES;
				COPY_PHASE_STRIP = YES;
				DEBUG_INFORMATION_FORMAT = "dwarf-with-dsym";
				ENABLE_NS_ASSERTIONS = NO;
				GCC_C_LANGUAGE_STANDARD = gnu99;
				GCC_ENABLE_OBJC_EXCEPTIONS = YES;
				GCC_WARN_64_TO_32_BIT_CONVERSION = YES;
				GCC_WARN_ABOUT_RETURN_TYPE = YES_ERROR;
				GCC_WARN_UNDECLARED_SELECTOR = YES;
				GCC_WARN_UNINITIALIZED_AUTOS = YES_AGGRESSIVE;
				GCC_WARN_UNUSED_FUNCTION = YES;
				GCC_WARN_UNUSED_VARIABLE = YES;
				MACOSX_DEPLOYMENT_TARGET = 10.9;
				SDKROOT = macosx;
			};
			name = Release;
		};
		9BAD1326192989B400207FF2 /* Debug */ = {
			isa = XCBuildConfiguration;
			buildSettings = {
				ASSETCATALOG_COMPILER_APPICON_NAME = AppIcon;
				COMBINE_HIDPI_IMAGES = YES;
				GCC_PRECOMPILE_PREFIX_HEADER = YES;
				GCC_PREFIX_HEADER = "SillyAnimator/SillyAnimator-Prefix.pch";
				INFOPLIST_FILE = "SillyAnimator/SillyAnimator-Info.plist";
				PRODUCT_NAME = "$(TARGET_NAME)";
				WRAPPER_EXTENSION = app;
			};
			name = Debug;
		};
		9BAD1327192989B400207FF2 /* Release */ = {
			isa = XCBuildConfiguration;
			buildSettings = {
				ASSETCATALOG_COMPILER_APPICON_NAME = AppIcon;
				COMBINE_HIDPI_IMAGES = YES;
				GCC_PRECOMPILE_PREFIX_HEADER = YES;
				GCC_PREFIX_HEADER = "SillyAnimator/SillyAnimator-Prefix.pch";
				INFOPLIST_FILE = "SillyAnimator/SillyAnimator-Info.plist";
				PRODUCT_NAME = "$(TARGET_NAME)";
				WRAPPER_EXTENSION = app;
			};
			name = Release;
		};
		9BAD1329192989B400207FF2 /* Debug */ = {
			isa = XCBuildConfiguration;
			buildSettings = {
				BUNDLE_LOADER = "$(BUILT_PRODUCTS_DIR)/SillyAnimator.app/Contents/MacOS/SillyAnimator";
				COMBINE_HIDPI_IMAGES = YES;
				FRAMEWORK_SEARCH_PATHS = (
					"$(DEVELOPER_FRAMEWORKS_DIR)",
					"$(inherited)",
				);
				GCC_PRECOMPILE_PREFIX_HEADER = YES;
				GCC_PREFIX_HEADER = "SillyAnimator/SillyAnimator-Prefix.pch";
				GCC_PREPROCESSOR_DEFINITIONS = (
					"DEBUG=1",
					"$(inherited)",
				);
				INFOPLIST_FILE = "SillyAnimatorTests/SillyAnimatorTests-Info.plist";
				PRODUCT_NAME = "$(TARGET_NAME)";
				TEST_HOST = "$(BUNDLE_LOADER)";
				WRAPPER_EXTENSION = xctest;
			};
			name = Debug;
		};
		9BAD132A192989B400207FF2 /* Release */ = {
			isa = XCBuildConfiguration;
			buildSettings = {
				BUNDLE_LOADER = "$(BUILT_PRODUCTS_DIR)/SillyAnimator.app/Contents/MacOS/SillyAnimator";
				COMBINE_HIDPI_IMAGES = YES;
				FRAMEWORK_SEARCH_PATHS = (
					"$(DEVELOPER_FRAMEWORKS_DIR)",
					"$(inherited)",
				);
				GCC_PRECOMPILE_PREFIX_HEADER = YES;
				GCC_PREFIX_HEADER = "SillyAnimator/SillyAnimator-Prefix.pch";
				INFOPLIST_FILE = "SillyAnimatorTests/SillyAnimatorTests-Info.plist";
				PRODUCT_NAME = "$(TARGET_NAME)";
				TEST_HOST = "$(BUNDLE_LOADER)";
				WRAPPER_EXTENSION = xctest;
			};
			name = Release;
		};
/* End XCBuildConfiguration section */

/* Begin XCConfigurationList section */
		9BAD12EF192989B300207FF2 /* Build configuration list for PBXProject "SillyAnimator" */ = {
			isa = XCConfigurationList;
			buildConfigurations = (
				9BAD1323192989B400207FF2 /* Debug */,
				9BAD1324192989B400207FF2 /* Release */,
			);
			defaultConfigurationIsVisible = 0;
			defaultConfigurationName = Release;
		};
		9BAD1325192989B400207FF2 /* Build configuration list for PBXNativeTarget "SillyAnimator" */ = {
			isa = XCConfigurationList;
			buildConfigurations = (
				9BAD1326192989B400207FF2 /* Debug */,
				9BAD1327192989B400207FF2 /* Release */,
			);
			defaultConfigurationIsVisible = 0;
		};
		9BAD1328192989B400207FF2 /* Build configuration list for PBXNativeTarget "SillyAnimatorTests" */ = {
			isa = XCConfigurationList;
			buildConfigurations = (
				9BAD1329192989B400207FF2 /* Debug */,
				9BAD132A192989B400207FF2 /* Release */,
			);
			defaultConfigurationIsVisible = 0;
		};
/* End XCConfigurationList section */
	};
	rootObject = 9BAD12EC192989B300207FF2 /* Project object */;
}
